
Microsoft Visual Studio Solution File, Format Version 12.00
# Visual Studio Version 16
VisualStudioVersion = 16.0.31702.278
MinimumVisualStudioVersion = 10.0.40219.1
Project("{9A19103F-16F7-4668-BE54-9A1E7A4F7556}") = "pz_5", "pz_5\pz_5.csproj", "{B215096F-4FBE-4C8F-8673-9C3D4EA8CFA6}"
EndProject
Project("{9A19103F-16F7-4668-BE54-9A1E7A4F7556}") = "pz_6", "pz_6\pz_6.csproj", "{77983A78-1878-4C52-9F94-A9D895113E49}"
EndProject
Project("{9A19103F-16F7-4668-BE54-9A1E7A4F7556}") = "pz_8", "pz_8\pz_8.csproj", "{C633BB14-BE44-4130-8675-AEE6757CB3A9}"
EndProject
Project("{9A19103F-16F7-4668-BE54-9A1E7A4F7556}") = "pz_9", "pz_9\pz_9.csproj", "{57B1EF79-EFE1-4862-86CA-BEDDEE151899}"
EndProject
Project("{9A19103F-16F7-4668-BE54-9A1E7A4F7556}") = "pz_11", "pz_11\pz_11.csproj", "{A8E9AEEB-ED04-440F-91F0-6FFD0720B8C1}"
EndProject
Project("{9A19103F-16F7-4668-BE54-9A1E7A4F7556}") = "pz_text.stroki", "pz_text.stroki\pz_text.stroki.csproj", "{AF84BD72-BDA6-479B-9F16-9381112FB999}"
EndProject
Project("{9A19103F-16F7-4668-BE54-9A1E7A4F7556}") = "pz_10", "pz_10\pz_10.csproj", "{FDB4C43E-9300-4519-B9A1-924A928EBE7B}"
EndProject
Project("{9A19103F-16F7-4668-BE54-9A1E7A4F7556}") = "pz_16", "pz_16\pz_16.csproj", "{CB08B715-C6F5-4627-8DBC-D8E2D7329E28}"
EndProject
Project("{9A19103F-16F7-4668-BE54-9A1E7A4F7556}") = "pz_17", "pz_17\pz_17.csproj", "{C9A4E1ED-A21A-4CB6-8640-B42B5975BD8A}"
EndProject
Project("{9A19103F-16F7-4668-BE54-9A1E7A4F7556}") = "pz_18", "pz_18\pz_18.csproj", "{51521D0F-1D2B-411F-A6A2-2A85D1AA2159}"
EndProject
Project("{9A19103F-16F7-4668-BE54-9A1E7A4F7556}") = "pz_12", "pz_12\pz_12.csproj", "{C2B38316-19D9-4139-9944-7DFBBFA63E45}"
EndProject
Project("{9A19103F-16F7-4668-BE54-9A1E7A4F7556}") = "pz_15", "pz_15\pz_15.csproj", "{7530DC03-CEF6-4341-AB10-B895B6EF35D7}"
EndProject
Project("{FAE04EC0-301F-11D3-BF4B-00C04F79EFBC}") = "pz_13", "pz_13\pz_13.csproj", "{3188A68F-5A46-4344-B150-A14CD19F2F69}"
EndProject
Global
	GlobalSection(SolutionConfigurationPlatforms) = preSolution
		Debug|Any CPU = Debug|Any CPU
		Release|Any CPU = Release|Any CPU
	EndGlobalSection
	GlobalSection(ProjectConfigurationPlatforms) = postSolution
		{B215096F-4FBE-4C8F-8673-9C3D4EA8CFA6}.Debug|Any CPU.ActiveCfg = Debug|Any CPU
		{B215096F-4FBE-4C8F-8673-9C3D4EA8CFA6}.Debug|Any CPU.Build.0 = Debug|Any CPU
		{B215096F-4FBE-4C8F-8673-9C3D4EA8CFA6}.Release|Any CPU.ActiveCfg = Release|Any CPU
		{B215096F-4FBE-4C8F-8673-9C3D4EA8CFA6}.Release|Any CPU.Build.0 = Release|Any CPU
		{77983A78-1878-4C52-9F94-A9D895113E49}.Debug|Any CPU.ActiveCfg = Debug|Any CPU
		{77983A78-1878-4C52-9F94-A9D895113E49}.Debug|Any CPU.Build.0 = Debug|Any CPU
		{77983A78-1878-4C52-9F94-A9D895113E49}.Release|Any CPU.ActiveCfg = Release|Any CPU
		{77983A78-1878-4C52-9F94-A9D895113E49}.Release|Any CPU.Build.0 = Release|Any CPU
		{C633BB14-BE44-4130-8675-AEE6757CB3A9}.Debug|Any CPU.ActiveCfg = Debug|Any CPU
		{C633BB14-BE44-4130-8675-AEE6757CB3A9}.Debug|Any CPU.Build.0 = Debug|Any CPU
		{C633BB14-BE44-4130-8675-AEE6757CB3A9}.Release|Any CPU.ActiveCfg = Release|Any CPU
		{C633BB14-BE44-4130-8675-AEE6757CB3A9}.Release|Any CPU.Build.0 = Release|Any CPU
		{57B1EF79-EFE1-4862-86CA-BEDDEE151899}.Debug|Any CPU.ActiveCfg = Debug|Any CPU
		{57B1EF79-EFE1-4862-86CA-BEDDEE151899}.Debug|Any CPU.Build.0 = Debug|Any CPU
		{57B1EF79-EFE1-4862-86CA-BEDDEE151899}.Release|Any CPU.ActiveCfg = Release|Any CPU
		{57B1EF79-EFE1-4862-86CA-BEDDEE151899}.Release|Any CPU.Build.0 = Release|Any CPU
		{A8E9AEEB-ED04-440F-91F0-6FFD0720B8C1}.Debug|Any CPU.ActiveCfg = Debug|Any CPU
		{A8E9AEEB-ED04-440F-91F0-6FFD0720B8C1}.Debug|Any CPU.Build.0 = Debug|Any CPU
		{A8E9AEEB-ED04-440F-91F0-6FFD0720B8C1}.Release|Any CPU.ActiveCfg = Release|Any CPU
		{A8E9AEEB-ED04-440F-91F0-6FFD0720B8C1}.Release|Any CPU.Build.0 = Release|Any CPU
		{AF84BD72-BDA6-479B-9F16-9381112FB999}.Debug|Any CPU.ActiveCfg = Debug|Any CPU
		{AF84BD72-BDA6-479B-9F16-9381112FB999}.Debug|Any CPU.Build.0 = Debug|Any CPU
		{AF84BD72-BDA6-479B-9F16-9381112FB999}.Release|Any CPU.ActiveCfg = Release|Any CPU
		{AF84BD72-BDA6-479B-9F16-9381112FB999}.Release|Any CPU.Build.0 = Release|Any CPU
		{FDB4C43E-9300-4519-B9A1-924A928EBE7B}.Debug|Any CPU.ActiveCfg = Debug|Any CPU
		{FDB4C43E-9300-4519-B9A1-924A928EBE7B}.Debug|Any CPU.Build.0 = Debug|Any CPU
		{FDB4C43E-9300-4519-B9A1-924A928EBE7B}.Release|Any CPU.ActiveCfg = Release|Any CPU
		{FDB4C43E-9300-4519-B9A1-924A928EBE7B}.Release|Any CPU.Build.0 = Release|Any CPU
		{CB08B715-C6F5-4627-8DBC-D8E2D7329E28}.Debug|Any CPU.ActiveCfg = Debug|Any CPU
		{CB08B715-C6F5-4627-8DBC-D8E2D7329E28}.Debug|Any CPU.Build.0 = Debug|Any CPU
		{CB08B715-C6F5-4627-8DBC-D8E2D7329E28}.Release|Any CPU.ActiveCfg = Release|Any CPU
		{CB08B715-C6F5-4627-8DBC-D8E2D7329E28}.Release|Any CPU.Build.0 = Release|Any CPU
		{C9A4E1ED-A21A-4CB6-8640-B42B5975BD8A}.Debug|Any CPU.ActiveCfg = Debug|Any CPU
		{C9A4E1ED-A21A-4CB6-8640-B42B5975BD8A}.Debug|Any CPU.Build.0 = Debug|Any CPU
		{C9A4E1ED-A21A-4CB6-8640-B42B5975BD8A}.Release|Any CPU.ActiveCfg = Release|Any CPU
		{C9A4E1ED-A21A-4CB6-8640-B42B5975BD8A}.Release|Any CPU.Build.0 = Release|Any CPU
		{51521D0F-1D2B-411F-A6A2-2A85D1AA2159}.Debug|Any CPU.ActiveCfg = Debug|Any CPU
		{51521D0F-1D2B-411F-A6A2-2A85D1AA2159}.Debug|Any CPU.Build.0 = Debug|Any CPU
		{51521D0F-1D2B-411F-A6A2-2A85D1AA2159}.Release|Any CPU.ActiveCfg = Release|Any CPU
		{51521D0F-1D2B-411F-A6A2-2A85D1AA2159}.Release|Any CPU.Build.0 = Release|Any CPU
		{C2B38316-19D9-4139-9944-7DFBBFA63E45}.Debug|Any CPU.ActiveCfg = Debug|Any CPU
		{C2B38316-19D9-4139-9944-7DFBBFA63E45}.Debug|Any CPU.Build.0 = Debug|Any CPU
		{C2B38316-19D9-4139-9944-7DFBBFA63E45}.Release|Any CPU.ActiveCfg = Release|Any CPU
		{C2B38316-19D9-4139-9944-7DFBBFA63E45}.Release|Any CPU.Build.0 = Release|Any CPU
		{7530DC03-CEF6-4341-AB10-B895B6EF35D7}.Debug|Any CPU.ActiveCfg = Debug|Any CPU
		{7530DC03-CEF6-4341-AB10-B895B6EF35D7}.Debug|Any CPU.Build.0 = Debug|Any CPU
		{7530DC03-CEF6-4341-AB10-B895B6EF35D7}.Release|Any CPU.ActiveCfg = Release|Any CPU
		{7530DC03-CEF6-4341-AB10-B895B6EF35D7}.Release|Any CPU.Build.0 = Release|Any CPU
		{3188A68F-5A46-4344-B150-A14CD19F2F69}.Debug|Any CPU.ActiveCfg = Debug|Any CPU
		{3188A68F-5A46-4344-B150-A14CD19F2F69}.Debug|Any CPU.Build.0 = Debug|Any CPU
		{3188A68F-5A46-4344-B150-A14CD19F2F69}.Release|Any CPU.ActiveCfg = Release|Any CPU
		{3188A68F-5A46-4344-B150-A14CD19F2F69}.Release|Any CPU.Build.0 = Release|Any CPU
	EndGlobalSection
	GlobalSection(SolutionProperties) = preSolution
		HideSolutionNode = FALSE
	EndGlobalSection
	GlobalSection(ExtensibilityGlobals) = postSolution
		SolutionGuid = {683C79AE-99F2-45B5-90A2-16014E9418E2}
	EndGlobalSection
EndGlobal
