
Microsoft Visual Studio Solution File, Format Version 12.00
# Visual Studio Version 16
VisualStudioVersion = 16.0.31702.278
MinimumVisualStudioVersion = 10.0.40219.1
Project("{9A19103F-16F7-4668-BE54-9A1E7A4F7556}") = "pz_5", "pz_5\pz_5.csproj", "{B215096F-4FBE-4C8F-8673-9C3D4EA8CFA6}"
EndProject
Project("{FAE04EC0-301F-11D3-BF4B-00C04F79EFBC}") = "pz_6", "pz_6\pz_6.csproj", "{77983A78-1878-4C52-9F94-A9D895113E49}"
EndProject
Global
	GlobalSection(SolutionConfigurationPlatforms) = preSolution
		Debug|Any CPU = Debug|Any CPU
		Release|Any CPU = Release|Any CPU
	EndGlobalSection
	GlobalSection(ProjectConfigurationPlatforms) = postSolution
		{B215096F-4FBE-4C8F-8673-9C3D4EA8CFA6}.Debug|Any CPU.ActiveCfg = Debug|Any CPU
		{B215096F-4FBE-4C8F-8673-9C3D4EA8CFA6}.Debug|Any CPU.Build.0 = Debug|Any CPU
		{B215096F-4FBE-4C8F-8673-9C3D4EA8CFA6}.Release|Any CPU.ActiveCfg = Release|Any CPU
		{B215096F-4FBE-4C8F-8673-9C3D4EA8CFA6}.Release|Any CPU.Build.0 = Release|Any CPU
		{77983A78-1878-4C52-9F94-A9D895113E49}.Debug|Any CPU.ActiveCfg = Debug|Any CPU
		{77983A78-1878-4C52-9F94-A9D895113E49}.Debug|Any CPU.Build.0 = Debug|Any CPU
		{77983A78-1878-4C52-9F94-A9D895113E49}.Release|Any CPU.ActiveCfg = Release|Any CPU
		{77983A78-1878-4C52-9F94-A9D895113E49}.Release|Any CPU.Build.0 = Release|Any CPU
	EndGlobalSection
	GlobalSection(SolutionProperties) = preSolution
		HideSolutionNode = FALSE
	EndGlobalSection
	GlobalSection(ExtensibilityGlobals) = postSolution
		SolutionGuid = {683C79AE-99F2-45B5-90A2-16014E9418E2}
	EndGlobalSection
EndGlobal
